
Microsoft Visual Studio Solution File, Format Version 12.00
# Visual Studio Version 16
VisualStudioVersion = 16.0.31702.278
MinimumVisualStudioVersion = 10.0.40219.1
Project("{FAE04EC0-301F-11D3-BF4B-00C04F79EFBC}") = "AliDDNS", "AliDDNS.csproj", "{F222B9F2-99A9-4E92-87AF-A33C7A53EDCC}"
EndProject
Global
	GlobalSection(SolutionConfigurationPlatforms) = preSolution
		Debug|Any CPU = Debug|Any CPU
		Release|Any CPU = Release|Any CPU
	EndGlobalSection
	GlobalSection(ProjectConfigurationPlatforms) = postSolution
		{F222B9F2-99A9-4E92-87AF-A33C7A53EDCC}.Debug|Any CPU.ActiveCfg = Debug|Any CPU
		{F222B9F2-99A9-4E92-87AF-A33C7A53EDCC}.Debug|Any CPU.Build.0 = Debug|Any CPU
		{F222B9F2-99A9-4E92-87AF-A33C7A53EDCC}.Release|Any CPU.ActiveCfg = Release|Any CPU
		{F222B9F2-99A9-4E92-87AF-A33C7A53EDCC}.Release|Any CPU.Build.0 = Release|Any CPU
	EndGlobalSection
	GlobalSection(SolutionProperties) = preSolution
		HideSolutionNode = FALSE
	EndGlobalSection
	GlobalSection(ExtensibilityGlobals) = postSolution
		SolutionGuid = {29CF1F7C-0C54-4B26-8482-8118A9235E20}
	EndGlobalSection
EndGlobal
